# THIS IS AN AUTOGENERATED FILE. DO NOT EDIT THIS FILE DIRECTLY.
# yarn lockfile v1


"@babel/runtime@^7.16.7":
  version "7.20.7"
  resolved "https://registry.yarnpkg.com/@babel/runtime/-/runtime-7.20.7.tgz#fcb41a5a70550e04a7b708037c7c32f7f356d8fd"
  integrity sha512-UF0tvkUtxwAgZ5W/KrkHf0Rn0fdnLDU9ScxBrEVNUprE/MzirjK4MJUX1/BVDv00Sv8cljtukVK1aky++X1SjQ==
  dependencies:
    regenerator-runtime "^0.13.11"

"@chevrotain/cst-dts-gen@10.4.2":
  version "10.4.2"
  resolved "https://registry.yarnpkg.com/@chevrotain/cst-dts-gen/-/cst-dts-gen-10.4.2.tgz#a3426dba2c48cf6c90e49a0676aea750e8f43e88"
  integrity sha512-0+4bNjlndNWMoVLH/+y4uHnf6GrTipsC+YTppJxelVJo+xeRVQ0s2PpkdDCVTsu7efyj+8r1gFiwVXsp6JZ0iQ==
  dependencies:
    "@chevrotain/gast" "10.4.2"
    "@chevrotain/types" "10.4.2"
    lodash "4.17.21"

"@chevrotain/gast@10.4.2":
  version "10.4.2"
  resolved "https://registry.yarnpkg.com/@chevrotain/gast/-/gast-10.4.2.tgz#236dc48e54cba16260c03bece25d5a3b6e2f5dab"
  integrity sha512-4ZAn8/mjkmYonilSJ60gGj1tAF0cVWYUMlIGA0e4ATAc3a648aCnvpBw7zlPHDQjFp50XC13iyWEgWAKiRKTOA==
  dependencies:
    "@chevrotain/types" "10.4.2"
    lodash "4.17.21"

"@chevrotain/types@10.4.2":
  version "10.4.2"
  resolved "https://registry.yarnpkg.com/@chevrotain/types/-/types-10.4.2.tgz#18be6b7a3226b121fccec08c2ba8433219a6813c"
  integrity sha512-QzSCjg6G4MvIoLeIgOiMR0IgzkGEQqrNJJIr3T5ETRa7l4Av4AMIiEctV99mvDr57iXwwk0/kr3RJxiU36Nevw==

"@chevrotain/utils@10.4.2":
  version "10.4.2"
  resolved "https://registry.yarnpkg.com/@chevrotain/utils/-/utils-10.4.2.tgz#87735732184cc5a2f8aad2f3454082294ef3c924"
  integrity sha512-V34dacxWLwKcvcy32dx96ADJVdB7kOJLm7LyBkBQw5u5HC9WdEFw2G17zml+U3ivavGTrGPJHl8o9/UJm0PlUw==

"@esbuild/android-arm64@0.16.17":
  version "0.16.17"
  resolved "https://registry.yarnpkg.com/@esbuild/android-arm64/-/android-arm64-0.16.17.tgz#cf91e86df127aa3d141744edafcba0abdc577d23"
  integrity sha512-MIGl6p5sc3RDTLLkYL1MyL8BMRN4tLMRCn+yRJJmEDvYZ2M7tmAf80hx1kbNEUX2KJ50RRtxZ4JHLvCfuB6kBg==

"@esbuild/android-arm@0.16.17":
  version "0.16.17"
  resolved "https://registry.yarnpkg.com/@esbuild/android-arm/-/android-arm-0.16.17.tgz#025b6246d3f68b7bbaa97069144fb5fb70f2fff2"
  integrity sha512-N9x1CMXVhtWEAMS7pNNONyA14f71VPQN9Cnavj1XQh6T7bskqiLLrSca4O0Vr8Wdcga943eThxnVp3JLnBMYtw==

"@esbuild/android-x64@0.16.17":
  version "0.16.17"
  resolved "https://registry.yarnpkg.com/@esbuild/android-x64/-/android-x64-0.16.17.tgz#c820e0fef982f99a85c4b8bfdd582835f04cd96e"
  integrity sha512-a3kTv3m0Ghh4z1DaFEuEDfz3OLONKuFvI4Xqczqx4BqLyuFaFkuaG4j2MtA6fuWEFeC5x9IvqnX7drmRq/fyAQ==

"@esbuild/darwin-arm64@0.16.17":
  version "0.16.17"
  resolved "https://registry.yarnpkg.com/@esbuild/darwin-arm64/-/darwin-arm64-0.16.17.tgz#edef4487af6b21afabba7be5132c26d22379b220"
  integrity sha512-/2agbUEfmxWHi9ARTX6OQ/KgXnOWfsNlTeLcoV7HSuSTv63E4DqtAc+2XqGw1KHxKMHGZgbVCZge7HXWX9Vn+w==

"@esbuild/darwin-x64@0.16.17":
  version "0.16.17"
  resolved "https://registry.yarnpkg.com/@esbuild/darwin-x64/-/darwin-x64-0.16.17.tgz#42829168730071c41ef0d028d8319eea0e2904b4"
  integrity sha512-2By45OBHulkd9Svy5IOCZt376Aa2oOkiE9QWUK9fe6Tb+WDr8hXL3dpqi+DeLiMed8tVXspzsTAvd0jUl96wmg==

"@esbuild/freebsd-arm64@0.16.17":
  version "0.16.17"
  resolved "https://registry.yarnpkg.com/@esbuild/freebsd-arm64/-/freebsd-arm64-0.16.17.tgz#1f4af488bfc7e9ced04207034d398e793b570a27"
  integrity sha512-mt+cxZe1tVx489VTb4mBAOo2aKSnJ33L9fr25JXpqQqzbUIw/yzIzi+NHwAXK2qYV1lEFp4OoVeThGjUbmWmdw==

"@esbuild/freebsd-x64@0.16.17":
  version "0.16.17"
  resolved "https://registry.yarnpkg.com/@esbuild/freebsd-x64/-/freebsd-x64-0.16.17.tgz#636306f19e9bc981e06aa1d777302dad8fddaf72"
  integrity sha512-8ScTdNJl5idAKjH8zGAsN7RuWcyHG3BAvMNpKOBaqqR7EbUhhVHOqXRdL7oZvz8WNHL2pr5+eIT5c65kA6NHug==

"@esbuild/linux-arm64@0.16.17":
  version "0.16.17"
  resolved "https://registry.yarnpkg.com/@esbuild/linux-arm64/-/linux-arm64-0.16.17.tgz#a003f7ff237c501e095d4f3a09e58fc7b25a4aca"
  integrity sha512-7S8gJnSlqKGVJunnMCrXHU9Q8Q/tQIxk/xL8BqAP64wchPCTzuM6W3Ra8cIa1HIflAvDnNOt2jaL17vaW+1V0g==

"@esbuild/linux-arm@0.16.17":
  version "0.16.17"
  resolved "https://registry.yarnpkg.com/@esbuild/linux-arm/-/linux-arm-0.16.17.tgz#b591e6a59d9c4fe0eeadd4874b157ab78cf5f196"
  integrity sha512-iihzrWbD4gIT7j3caMzKb/RsFFHCwqqbrbH9SqUSRrdXkXaygSZCZg1FybsZz57Ju7N/SHEgPyaR0LZ8Zbe9gQ==

"@esbuild/linux-ia32@0.16.17":
  version "0.16.17"
  resolved "https://registry.yarnpkg.com/@esbuild/linux-ia32/-/linux-ia32-0.16.17.tgz#24333a11027ef46a18f57019450a5188918e2a54"
  integrity sha512-kiX69+wcPAdgl3Lonh1VI7MBr16nktEvOfViszBSxygRQqSpzv7BffMKRPMFwzeJGPxcio0pdD3kYQGpqQ2SSg==

"@esbuild/linux-loong64@0.16.17":
  version "0.16.17"
  resolved "https://registry.yarnpkg.com/@esbuild/linux-loong64/-/linux-loong64-0.16.17.tgz#d5ad459d41ed42bbd4d005256b31882ec52227d8"
  integrity sha512-dTzNnQwembNDhd654cA4QhbS9uDdXC3TKqMJjgOWsC0yNCbpzfWoXdZvp0mY7HU6nzk5E0zpRGGx3qoQg8T2DQ==

"@esbuild/linux-mips64el@0.16.17":
  version "0.16.17"
  resolved "https://registry.yarnpkg.com/@esbuild/linux-mips64el/-/linux-mips64el-0.16.17.tgz#4e5967a665c38360b0a8205594377d4dcf9c3726"
  integrity sha512-ezbDkp2nDl0PfIUn0CsQ30kxfcLTlcx4Foz2kYv8qdC6ia2oX5Q3E/8m6lq84Dj/6b0FrkgD582fJMIfHhJfSw==

"@esbuild/linux-ppc64@0.16.17":
  version "0.16.17"
  resolved "https://registry.yarnpkg.com/@esbuild/linux-ppc64/-/linux-ppc64-0.16.17.tgz#206443a02eb568f9fdf0b438fbd47d26e735afc8"
  integrity sha512-dzS678gYD1lJsW73zrFhDApLVdM3cUF2MvAa1D8K8KtcSKdLBPP4zZSLy6LFZ0jYqQdQ29bjAHJDgz0rVbLB3g==

"@esbuild/linux-riscv64@0.16.17":
  version "0.16.17"
  resolved "https://registry.yarnpkg.com/@esbuild/linux-riscv64/-/linux-riscv64-0.16.17.tgz#c351e433d009bf256e798ad048152c8d76da2fc9"
  integrity sha512-ylNlVsxuFjZK8DQtNUwiMskh6nT0vI7kYl/4fZgV1llP5d6+HIeL/vmmm3jpuoo8+NuXjQVZxmKuhDApK0/cKw==

"@esbuild/linux-s390x@0.16.17":
  version "0.16.17"
  resolved "https://registry.yarnpkg.com/@esbuild/linux-s390x/-/linux-s390x-0.16.17.tgz#661f271e5d59615b84b6801d1c2123ad13d9bd87"
  integrity sha512-gzy7nUTO4UA4oZ2wAMXPNBGTzZFP7mss3aKR2hH+/4UUkCOyqmjXiKpzGrY2TlEUhbbejzXVKKGazYcQTZWA/w==

"@esbuild/linux-x64@0.16.17":
  version "0.16.17"
  resolved "https://registry.yarnpkg.com/@esbuild/linux-x64/-/linux-x64-0.16.17.tgz#e4ba18e8b149a89c982351443a377c723762b85f"
  integrity sha512-mdPjPxfnmoqhgpiEArqi4egmBAMYvaObgn4poorpUaqmvzzbvqbowRllQ+ZgzGVMGKaPkqUmPDOOFQRUFDmeUw==

"@esbuild/netbsd-x64@0.16.17":
  version "0.16.17"
  resolved "https://registry.yarnpkg.com/@esbuild/netbsd-x64/-/netbsd-x64-0.16.17.tgz#7d4f4041e30c5c07dd24ffa295c73f06038ec775"
  integrity sha512-/PzmzD/zyAeTUsduZa32bn0ORug+Jd1EGGAUJvqfeixoEISYpGnAezN6lnJoskauoai0Jrs+XSyvDhppCPoKOA==

"@esbuild/openbsd-x64@0.16.17":
  version "0.16.17"
  resolved "https://registry.yarnpkg.com/@esbuild/openbsd-x64/-/openbsd-x64-0.16.17.tgz#970fa7f8470681f3e6b1db0cc421a4af8060ec35"
  integrity sha512-2yaWJhvxGEz2RiftSk0UObqJa/b+rIAjnODJgv2GbGGpRwAfpgzyrg1WLK8rqA24mfZa9GvpjLcBBg8JHkoodg==

"@esbuild/sunos-x64@0.16.17":
  version "0.16.17"
  resolved "https://registry.yarnpkg.com/@esbuild/sunos-x64/-/sunos-x64-0.16.17.tgz#abc60e7c4abf8b89fb7a4fe69a1484132238022c"
  integrity sha512-xtVUiev38tN0R3g8VhRfN7Zl42YCJvyBhRKw1RJjwE1d2emWTVToPLNEQj/5Qxc6lVFATDiy6LjVHYhIPrLxzw==

"@esbuild/win32-arm64@0.16.17":
  version "0.16.17"
  resolved "https://registry.yarnpkg.com/@esbuild/win32-arm64/-/win32-arm64-0.16.17.tgz#7b0ff9e8c3265537a7a7b1fd9a24e7bd39fcd87a"
  integrity sha512-ga8+JqBDHY4b6fQAmOgtJJue36scANy4l/rL97W+0wYmijhxKetzZdKOJI7olaBaMhWt8Pac2McJdZLxXWUEQw==

"@esbuild/win32-ia32@0.16.17":
  version "0.16.17"
  resolved "https://registry.yarnpkg.com/@esbuild/win32-ia32/-/win32-ia32-0.16.17.tgz#e90fe5267d71a7b7567afdc403dfd198c292eb09"
  integrity sha512-WnsKaf46uSSF/sZhwnqE4L/F89AYNMiD4YtEcYekBt9Q7nj0DiId2XH2Ng2PHM54qi5oPrQ8luuzGszqi/veig==

"@esbuild/win32-x64@0.16.17":
  version "0.16.17"
  resolved "https://registry.yarnpkg.com/@esbuild/win32-x64/-/win32-x64-0.16.17.tgz#c5a1a4bfe1b57f0c3e61b29883525c6da3e5c091"
  integrity sha512-y+EHuSchhL7FjHgvQL/0fnnFmO4T1bhvWANX6gcnqTjtnKWbTvUMCpGnv2+t+31d7RzyEAYAd4u2fnIhHL6N/Q==

"@theatre/core@0.5":
  version "0.5.1"
  resolved "https://registry.yarnpkg.com/@theatre/core/-/core-0.5.1.tgz#5a10b8a9a8e5887371e870732c043340a6f5be5a"
  integrity sha512-LV3LwHPWVm62bR6DUQ55t4kCaI1KGrz+rPLoA6pMJ57x+6vBpoSCI0b11gJPdA1mCXebcNWN+U5M3PP6jJaSSg==
  dependencies:
    "@theatre/dataverse" "0.5.1"

"@theatre/dataverse@0.5.1":
  version "0.5.1"
  resolved "https://registry.yarnpkg.com/@theatre/dataverse/-/dataverse-0.5.1.tgz#75dd106de042fe11265314edefa98d0045714405"
  integrity sha512-oTjR8fNDbY11GSp7kw8quuOE9IC/5qzTe++OjFgn5enHKcFSaSPAZ8SIyOs+Im9bYgjcJFg/AYgU3Xi/MENgwQ==
  dependencies:
    lodash-es "^4.17.21"

"@theatre/studio@0.5":
  version "0.5.1"
  resolved "https://registry.yarnpkg.com/@theatre/studio/-/studio-0.5.1.tgz#1dbe3d99943b1e628b7e5722499290961ba74c12"
  integrity sha512-6r8JjSdUhL8JXMLlnhOLLFc/Br5Ddcq4EQmwUSCEBbFuJZcyb++GxV23p5W7a0DiB7NgtKdORj77n5NBt0WEpA==
  dependencies:
    "@theatre/dataverse" "0.5.1"

"@types/animejs@^3.1.6":
  version "3.1.6"
  resolved "https://registry.yarnpkg.com/@types/animejs/-/animejs-3.1.6.tgz#cdcb8bcfd0c0d1642c8951973b8d6ea6d578908c"
  integrity sha512-jYlEdbVTOOLBz1mauqhrigFUFAGde2KCdO/99asxHpF+5zOdz/VjNKbnpNa0oNBhsDNFzmMvvE+V4C8ZkvJdKg==

"@types/offscreencanvas@^2019.6.4":
  version "2019.7.0"
  resolved "https://registry.yarnpkg.com/@types/offscreencanvas/-/offscreencanvas-2019.7.0.tgz#e4a932069db47bb3eabeb0b305502d01586fa90d"
  integrity sha512-PGcyveRIpL1XIqK8eBsmRBt76eFgtzuPiSTyKHZxnGemp2yzGzWpjYKAfK3wIMiU7eH+851yEpiuP8JZerTmWg==

"@types/three@^0.146.0":
  version "0.146.0"
  resolved "https://registry.yarnpkg.com/@types/three/-/three-0.146.0.tgz#83813ba0d2fff6bdc6d7fda3a77993a932bba45f"
  integrity sha512-75AgysUrIvTCB054eQa2pDVFurfeFW8CrMQjpzjt3yHBfuuknoSvvsESd/3EhQxPrz9si3+P0wiDUVsWUlljfA==
  dependencies:
    "@types/webxr" "*"

"@types/webxr@*":
  version "0.5.0"
  resolved "https://registry.yarnpkg.com/@types/webxr/-/webxr-0.5.0.tgz#aae1cef3210d88fd4204f8c33385a0bbc4da07c9"
  integrity sha512-IUMDPSXnYIbEO2IereEFcgcqfDREOgmbGqtrMpVPpACTU6pltYLwHgVkrnYv0XhWEcjio9sYEfIEzgn3c7nDqA==

"@webgpu/glslang@^0.0.15":
  version "0.0.15"
  resolved "https://registry.yarnpkg.com/@webgpu/glslang/-/glslang-0.0.15.tgz#f5ccaf6015241e6175f4b90906b053f88483d1f2"
  integrity sha512-niT+Prh3Aff8Uf1MVBVUsaNjFj9rJAKDXuoHIKiQbB+6IUP/3J3JIhBNyZ7lDhytvXxw6ppgnwKZdDJ08UMj4Q==

animejs@^3.2.1:
  version "3.2.1"
  resolved "https://registry.yarnpkg.com/animejs/-/animejs-3.2.1.tgz#de9fe2e792f44a777a7fdf6ae160e26604b0cdda"
  integrity sha512-sWno3ugFryK5nhiDm/2BKeFCpZv7vzerWUcUPyAZLDhMek3+S/p418ldZJbJXo5ZUOpfm2kP2XRO4NJcULMy9A==

bidi-js@^1.0.2:
  version "1.0.2"
  resolved "https://registry.yarnpkg.com/bidi-js/-/bidi-js-1.0.2.tgz#1a497a762c2ddea377429d2649c9ce0f8a91527f"
  integrity sha512-rzSy/k7WdX5zOyeHHCOixGXbCHkyogkxPKL2r8QtzHmVQDiWCXUWa18bLdMWT9CYMLOYTjWpTHawuev2ouYJVw==
  dependencies:
    require-from-string "^2.0.2"

chevrotain@^10.1.2:
  version "10.4.2"
  resolved "https://registry.yarnpkg.com/chevrotain/-/chevrotain-10.4.2.tgz#9abeac6a60134931c0a0788b206400e5f7a3daba"
  integrity sha512-gzF5GxE0Ckti5kZVuKEZycLntB5X2aj9RVY0r4/220GwQjdnljU+/t3kP74/FMWC7IzCDDEjQ9wsFUf0WCdSHg==
  dependencies:
    "@chevrotain/cst-dts-gen" "10.4.2"
    "@chevrotain/gast" "10.4.2"
    "@chevrotain/types" "10.4.2"
    "@chevrotain/utils" "10.4.2"
    lodash "4.17.21"
    regexp-to-ast "0.5.0"

draco3d@^1.4.1:
  version "1.5.5"
  resolved "https://registry.yarnpkg.com/draco3d/-/draco3d-1.5.5.tgz#6bf4bbdd65950e6153e991cb0dcb8a10323f610e"
  integrity sha512-JVuNV0EJzD3LBYhGyIXJLeBID/EVtmFO1ZNhAYflTgiMiAJlbhXQmRRda/azjc8MRVMHh0gqGhiqHUo5dIXM8Q==

esbuild@^0.16.3:
  version "0.16.17"
  resolved "https://registry.yarnpkg.com/esbuild/-/esbuild-0.16.17.tgz#fc2c3914c57ee750635fee71b89f615f25065259"
  integrity sha512-G8LEkV0XzDMNwXKgM0Jwu3nY3lSTwSGY6XbxM9cr9+s0T/qSV1q1JVPBGzm3dcjhCic9+emZDmMffkwgPeOeLg==
  optionalDependencies:
    "@esbuild/android-arm" "0.16.17"
    "@esbuild/android-arm64" "0.16.17"
    "@esbuild/android-x64" "0.16.17"
    "@esbuild/darwin-arm64" "0.16.17"
    "@esbuild/darwin-x64" "0.16.17"
    "@esbuild/freebsd-arm64" "0.16.17"
    "@esbuild/freebsd-x64" "0.16.17"
    "@esbuild/linux-arm" "0.16.17"
    "@esbuild/linux-arm64" "0.16.17"
    "@esbuild/linux-ia32" "0.16.17"
    "@esbuild/linux-loong64" "0.16.17"
    "@esbuild/linux-mips64el" "0.16.17"
    "@esbuild/linux-ppc64" "0.16.17"
    "@esbuild/linux-riscv64" "0.16.17"
    "@esbuild/linux-s390x" "0.16.17"
    "@esbuild/linux-x64" "0.16.17"
    "@esbuild/netbsd-x64" "0.16.17"
    "@esbuild/openbsd-x64" "0.16.17"
    "@esbuild/sunos-x64" "0.16.17"
    "@esbuild/win32-arm64" "0.16.17"
    "@esbuild/win32-ia32" "0.16.17"
    "@esbuild/win32-x64" "0.16.17"

fflate@^0.6.9:
  version "0.6.10"
  resolved "https://registry.yarnpkg.com/fflate/-/fflate-0.6.10.tgz#5f40f9659205936a2d18abf88b2e7781662b6d43"
  integrity sha512-IQrh3lEPM93wVCEczc9SaAOvkmcoQn/G8Bo1e8ZPlY3X3bnAxWaBdvTdvM1hP62iZp0BXWDy4vTAy4fF0+Dlpg==

fsevents@~2.3.2:
  version "2.3.2"
  resolved "https://registry.yarnpkg.com/fsevents/-/fsevents-2.3.2.tgz#8a526f78b8fdf4623b709e0b975c52c24c02fd1a"
  integrity sha512-xiqMQR4xAeHTuB9uWm+fFRcIOgKBMiOBP+eXiyT7jsgVCq1bkVygt00oASowB7EdtpOHaaPgKt812P9ab+DDKA==

function-bind@^1.1.1:
  version "1.1.1"
  resolved "https://registry.yarnpkg.com/function-bind/-/function-bind-1.1.1.tgz#a56899d3ea3c9bab874bb9773b7c5ede92f4895d"
  integrity sha512-yIovAzMX49sF8Yl58fSCWJ5svSLuaibPxXQJFLmBObTuCr0Mf1KiPopGM9NiFjiYBCbfaa2Fh6breQ6ANVTI0A==

has@^1.0.3:
  version "1.0.3"
  resolved "https://registry.yarnpkg.com/has/-/has-1.0.3.tgz#722d7cbfc1f6aa8241f16dd814e011e1f41e8796"
  integrity sha512-f2dvO0VU6Oej7RkWJGrehjbzMAjFp5/VKPp5tTpWIV4JHHZK1/BxbFRtf/siA2SWTe09caDmVtYYzWEIbBS4zw==
  dependencies:
    function-bind "^1.1.1"

is-core-module@^2.9.0:
  version "2.11.0"
  resolved "https://registry.yarnpkg.com/is-core-module/-/is-core-module-2.11.0.tgz#ad4cb3e3863e814523c96f3f58d26cc570ff0144"
  integrity sha512-RRjxlvLDkD1YJwDbroBHMb+cukurkDWNyHx7D3oNB5x9rb5ogcksMC5wHCadcXoo67gVr/+3GFySh3134zi6rw==
  dependencies:
    has "^1.0.3"

ktx-parse@^0.4.5:
  version "0.4.5"
  resolved "https://registry.yarnpkg.com/ktx-parse/-/ktx-parse-0.4.5.tgz#79905e22281a9d3e602b2ff522df1ee7d1813aa6"
  integrity sha512-MK3FOody4TXbFf8Yqv7EBbySw7aPvEcPX++Ipt6Sox+/YMFvR5xaTyhfNSk1AEmMy+RYIw81ctN4IMxCB8OAlg==

lil-gui@^0.17.0:
  version "0.17.0"
  resolved "https://registry.yarnpkg.com/lil-gui/-/lil-gui-0.17.0.tgz#b41ae55d0023fcd9185f7395a218db0f58189663"
  integrity sha512-MVBHmgY+uEbmJNApAaPbtvNh1RCAeMnKym82SBjtp5rODTYKWtM+MXHCifLe2H2Ti1HuBGBtK/5SyG4ShQ3pUQ==

lodash-es@^4.17.21:
  version "4.17.21"
  resolved "https://registry.yarnpkg.com/lodash-es/-/lodash-es-4.17.21.tgz#43e626c46e6591b7750beb2b50117390c609e3ee"
  integrity sha512-mKnC+QJ9pWVzv+C4/U3rRsHapFfHvQFoFB92e52xeyGMcX6/OlIl78je1u8vePzYZSkkogMPJ2yjxxsb89cxyw==

lodash@4.17.21:
  version "4.17.21"
  resolved "https://registry.yarnpkg.com/lodash/-/lodash-4.17.21.tgz#679591c564c3bffaae8454cf0b3df370c3d6911c"
  integrity sha512-v2kDEe57lecTulaDIuNTPy3Ry4gLGJ6Z1O3vE1krgXZNrsQ+LFTGHVxVjcXPs17LhbZVGedAJv8XZ1tvj5FvSg==

mmd-parser@^1.0.4:
  version "1.0.4"
  resolved "https://registry.yarnpkg.com/mmd-parser/-/mmd-parser-1.0.4.tgz#87cc05782cb5974ca854f0303fc5147bc9d690e7"
  integrity sha512-Qi0VCU46t2IwfGv5KF0+D/t9cizcDug7qnNoy9Ggk7aucp0tssV8IwTMkBlDbm+VqAf3cdQHTCARKSsuS2MYFg==

nanoid@^3.3.4:
  version "3.3.4"
  resolved "https://registry.yarnpkg.com/nanoid/-/nanoid-3.3.4.tgz#730b67e3cd09e2deacf03c027c81c9d9dbc5e8ab"
  integrity sha512-MqBkQh/OHTS2egovRtLk45wEyNXwF+cokD+1YPf9u5VfJiRdAiRwB2froX5Co9Rh20xs4siNPm8naNotSD6RBw==

opentype.js@^1.3.3:
  version "1.3.4"
  resolved "https://registry.yarnpkg.com/opentype.js/-/opentype.js-1.3.4.tgz#1c0e72e46288473cc4a4c6a2dc60fd7fe6020d77"
  integrity sha512-d2JE9RP/6uagpQAVtJoF0pJJA/fgai89Cc50Yp0EJHk+eLp6QQ7gBoblsnubRULNY132I0J1QKMJ+JTbMqz4sw==
  dependencies:
    string.prototype.codepointat "^0.2.1"
    tiny-inflate "^1.0.3"

path-parse@^1.0.7:
  version "1.0.7"
  resolved "https://registry.yarnpkg.com/path-parse/-/path-parse-1.0.7.tgz#fbc114b60ca42b30d9daf5858e4bd68bbedb6735"
  integrity sha512-LDJzPVEEEPR+y48z93A0Ed0yXb8pAByGWo/k5YYdYgpY2/2EsOsksJrq7lOHxryrVOn1ejG6oAp8ahvOIQD8sw==

picocolors@^1.0.0:
  version "1.0.0"
  resolved "https://registry.yarnpkg.com/picocolors/-/picocolors-1.0.0.tgz#cb5bdc74ff3f51892236eaf79d68bc44564ab81c"
  integrity sha512-1fygroTLlHu66zi26VoTDv8yRgm0Fccecssto+MhsZ0D/DGW2sm8E8AjW7NU5VVTRt5GxbeZ5qBuJr+HyLYkjQ==

postcss@^8.4.20:
  version "8.4.21"
  resolved "https://registry.yarnpkg.com/postcss/-/postcss-8.4.21.tgz#c639b719a57efc3187b13a1d765675485f4134f4"
  integrity sha512-tP7u/Sn/dVxK2NnruI4H9BG+x+Wxz6oeZ1cJ8P6G/PZY0IKk4k/63TDsQf2kQq3+qoJeLm2kIBUNlZe3zgb4Zg==
  dependencies:
    nanoid "^3.3.4"
    picocolors "^1.0.0"
    source-map-js "^1.0.2"

potpack@^1.0.1:
  version "1.0.2"
  resolved "https://registry.yarnpkg.com/potpack/-/potpack-1.0.2.tgz#23b99e64eb74f5741ffe7656b5b5c4ddce8dfc14"
  integrity sha512-choctRBIV9EMT9WGAZHn3V7t0Z2pMQyl0EZE6pFc/6ml3ssw7Dlf/oAOvFwjm1HVsqfQN8GfeFyJ+d8tRzqueQ==

regenerator-runtime@^0.13.11:
  version "0.13.11"
  resolved "https://registry.yarnpkg.com/regenerator-runtime/-/regenerator-runtime-0.13.11.tgz#f6dca3e7ceec20590d07ada785636a90cdca17f9"
  integrity sha512-kY1AZVr2Ra+t+piVaJ4gxaFaReZVH40AKNo7UCX6W+dEwBo/2oZJzqfuN1qLq1oL45o56cPaTXELwrTh8Fpggg==

regexp-to-ast@0.5.0:
  version "0.5.0"
  resolved "https://registry.yarnpkg.com/regexp-to-ast/-/regexp-to-ast-0.5.0.tgz#56c73856bee5e1fef7f73a00f1473452ab712a24"
  integrity sha512-tlbJqcMHnPKI9zSrystikWKwHkBqu2a/Sgw01h3zFjvYrMxEDYHzzoMZnUrbIfpTFEsoRnnviOXNCzFiSc54Qw==

require-from-string@^2.0.2:
  version "2.0.2"
  resolved "https://registry.yarnpkg.com/require-from-string/-/require-from-string-2.0.2.tgz#89a7fdd938261267318eafe14f9c32e598c36909"
  integrity sha512-Xf0nWe6RseziFMu+Ap9biiUbmplq6S9/p+7w7YXP/JBHhrUDDUhwa+vANyubuqfZWTveU//DYVGsDG7RKL/vEw==

resolve@^1.22.1:
  version "1.22.1"
  resolved "https://registry.yarnpkg.com/resolve/-/resolve-1.22.1.tgz#27cb2ebb53f91abb49470a928bba7558066ac177"
  integrity sha512-nBpuuYuY5jFsli/JIs1oldw6fOQCBioohqWZg/2hiaOybXOft4lonv85uDOKXdf8rhyK159cxU5cDcK/NKk8zw==
  dependencies:
    is-core-module "^2.9.0"
    path-parse "^1.0.7"
    supports-preserve-symlinks-flag "^1.0.0"

rollup@^3.7.0:
  version "3.10.0"
  resolved "https://registry.yarnpkg.com/rollup/-/rollup-3.10.0.tgz#6eb19196d8b3b375ca651cb78261faac48e24cd6"
  integrity sha512-JmRYz44NjC1MjVF2VKxc0M1a97vn+cDxeqWmnwyAF4FvpjK8YFdHpaqvQB+3IxCvX05vJxKZkoMDU8TShhmJVA==
  optionalDependencies:
    fsevents "~2.3.2"

source-map-js@^1.0.2:
  version "1.0.2"
  resolved "https://registry.yarnpkg.com/source-map-js/-/source-map-js-1.0.2.tgz#adbc361d9c62df380125e7f161f71c826f1e490c"
  integrity sha512-R0XvVJ9WusLiqTCEiGCmICCMplcCkIwwR11mOSD9CR5u+IXYdiseeEuXCVAjS54zqwkLcPNnmU4OeJ6tUrWhDw==

string.prototype.codepointat@^0.2.1:
  version "0.2.1"
  resolved "https://registry.yarnpkg.com/string.prototype.codepointat/-/string.prototype.codepointat-0.2.1.tgz#004ad44c8afc727527b108cd462b4d971cd469bc"
  integrity sha512-2cBVCj6I4IOvEnjgO/hWqXjqBGsY+zwPmHl12Srk9IXSZ56Jwwmy+66XO5Iut/oQVR7t5ihYdLB0GMa4alEUcg==

supports-preserve-symlinks-flag@^1.0.0:
  version "1.0.0"
  resolved "https://registry.yarnpkg.com/supports-preserve-symlinks-flag/-/supports-preserve-symlinks-flag-1.0.0.tgz#6eda4bd344a3c94aea376d4cc31bc77311039e09"
  integrity sha512-ot0WnXS9fgdkgIcePe6RHNk1WA8+muPa6cSjeR3V8K27q9BB1rTE3R1p7Hv0z1ZyAc8s6Vvv8DIyWf681MAt0w==

three-inspect@^0.2.4:
  version "0.2.4"
  resolved "https://registry.yarnpkg.com/three-inspect/-/three-inspect-0.2.4.tgz#123aab7deffef3ef863f820443ff457973835d3a"
  integrity sha512-8PUYhFnsXJp6zFUxcL8vApf3vMQc3LzBm54686aRY1x/92nk2l0ALU/eKMeiu4mZ1e9GHVAp0xej+jPgfujHQQ==

three-stdlib@^2.21.5:
  version "2.21.5"
  resolved "https://registry.yarnpkg.com/three-stdlib/-/three-stdlib-2.21.5.tgz#d7a8ae6713d6c9193a06f81e181b7f4fcf6f8570"
  integrity sha512-PzlbMFVApPjdFwNoTCnrH6r8J1rQw5Dn40qkHc8P+vVDj1czHOmCduYAA27bYwNNTcd+q3AWE+qutDrvvc5B2g==
  dependencies:
    "@babel/runtime" "^7.16.7"
    "@types/offscreencanvas" "^2019.6.4"
    "@webgpu/glslang" "^0.0.15"
    chevrotain "^10.1.2"
    draco3d "^1.4.1"
    fflate "^0.6.9"
    ktx-parse "^0.4.5"
    mmd-parser "^1.0.4"
    opentype.js "^1.3.3"
    potpack "^1.0.1"
    zstddec "^0.0.2"

three@^0.148.0:
  version "0.148.0"
  resolved "https://registry.yarnpkg.com/three/-/three-0.148.0.tgz#b6f62f9c84227f8d51c151bf17b67984ded8e4d7"
  integrity sha512-8uzVV+qhTPi0bOFs/3te3RW6hb3urL8jYEl6irjCWo/l6sr8MPNMcClFev/MMYeIxr0gmDcoXTy/8LXh/LXkfw==

tiny-inflate@^1.0.3:
  version "1.0.3"
  resolved "https://registry.yarnpkg.com/tiny-inflate/-/tiny-inflate-1.0.3.tgz#122715494913a1805166aaf7c93467933eea26c4"
  integrity sha512-pkY1fj1cKHb2seWDy0B16HeWyczlJA9/WW3u3c4z/NiWDsO3DOU5D7nhTLE9CF0yXv/QZFY7sEJmj24dK+Rrqw==

troika-three-text@^0.47.1:
  version "0.47.1"
  resolved "https://registry.yarnpkg.com/troika-three-text/-/troika-three-text-0.47.1.tgz#4a239b122242d7ea93dbbf66a9f1863eca83d979"
  integrity sha512-/fPRUmxCkXxyUT8k6REC/aWeFzKbNr37ivrkrplSJNb3JcBUXvVt8MT0Ac5wTUvFsYTviYWprYS4/8Laen08WA==
  dependencies:
    bidi-js "^1.0.2"
    troika-three-utils "^0.47.0"
    troika-worker-utils "^0.47.0"
    webgl-sdf-generator "1.1.1"

troika-three-utils@^0.47.0:
  version "0.47.0"
  resolved "https://registry.yarnpkg.com/troika-three-utils/-/troika-three-utils-0.47.0.tgz#4749334ad2ae043767916f79bcc365cbb5ea64b5"
  integrity sha512-yoVTQxVbpQX3a55giIwqwq6hyJA6oYvq7kaNGwFTeicoWmTZCqqTbytafx1gcuL5umrtw5MYgsxYUSOha+xp5w==

troika-worker-utils@^0.47.0:
  version "0.47.0"
  resolved "https://registry.yarnpkg.com/troika-worker-utils/-/troika-worker-utils-0.47.0.tgz#bea382fee55333e177955e7ba6497d64b9d9388d"
  integrity sha512-PSUc9vunDEkbE23jpgXD3PcF96jQHKjgMjS+4o5g6DEK/ZAPTnldb+FNddhppawfUcuraMFrslo0GmIC8UpEmA==

typescript@4.9.4:
  version "4.9.4"
  resolved "https://registry.yarnpkg.com/typescript/-/typescript-4.9.4.tgz#a2a3d2756c079abda241d75f149df9d561091e78"
  integrity sha512-Uz+dTXYzxXXbsFpM86Wh3dKCxrQqUcVMxwU54orwlJjOpO3ao8L7j5lH+dWfTwgCwIuM9GQ2kvVotzYJMXTBZg==

vite@^4.0.3:
  version "4.0.4"
  resolved "https://registry.yarnpkg.com/vite/-/vite-4.0.4.tgz#4612ce0b47bbb233a887a54a4ae0c6e240a0da31"
  integrity sha512-xevPU7M8FU0i/80DMR+YhgrzR5KS2ORy1B4xcX/cXLsvnUWvfHuqMmVU6N0YiJ4JWGRJJsLCgjEzKjG9/GKoSw==
  dependencies:
    esbuild "^0.16.3"
    postcss "^8.4.20"
    resolve "^1.22.1"
    rollup "^3.7.0"
  optionalDependencies:
    fsevents "~2.3.2"

webgl-sdf-generator@1.1.1:
  version "1.1.1"
  resolved "https://registry.yarnpkg.com/webgl-sdf-generator/-/webgl-sdf-generator-1.1.1.tgz#3e1b422b3d87cd3cc77f2602c9db63bc0f6accbd"
  integrity sha512-9Z0JcMTFxeE+b2x1LJTdnaT8rT8aEp7MVxkNwoycNmJWwPdzoXzMh0BjJSh/AEFP+KPYZUli814h8bJZFIZ2jA==

zstddec@^0.0.2:
  version "0.0.2"
  resolved "https://registry.yarnpkg.com/zstddec/-/zstddec-0.0.2.tgz#57e2f28dd1ff56b750e07d158a43f0611ad9eeb4"
  integrity sha512-DCo0oxvcvOTGP/f5FA6tz2Z6wF+FIcEApSTu0zV5sQgn9hoT5lZ9YRAKUraxt9oP7l4e8TnNdi8IZTCX6WCkwA==
